<Solution>
  <Folder Name="/src/">
    <Project Path="src/EmergencyResponse.ConsoleDemo/EmergencyResponse.ConsoleDemo.csproj" />
    <Project Path="src/EmergencyResponse.Core/EmergencyResponse.Core.csproj" />
    <Project Path="src/EmergencyResponse.RaylibUi/EmergencyResponse.RaylibUi.csproj" />
  </Folder>
  <Folder Name="/tests/">
    <Project Path="tests/EmergencyResponse.Tests/EmergencyResponse.Tests.csproj" />
  </Folder>
</Solution>
