<Solution>
  <Folder Name="/src/">
    <Project Path="src/EmergencyResponse.Application/EmergencyResponse.Application.csproj" />
    <Project Path="src/EmergencyResponse.Console/EmergencyResponse.Console.csproj" />
    <Project Path="src/EmergencyResponse.Core/EmergencyResponse.Core.csproj" />
  </Folder>
  <Folder Name="/tests/">
    <Project Path="tests/EmergencyResponse.Tests/EmergencyResponse.Tests.csproj" />
  </Folder>
</Solution>
