<Solution>
  <Folder Name="/src/">
    <Project Path="src/MunicipalAnimalEmergencyResponse.Application/MunicipalAnimalEmergencyResponse.Application.csproj" />
    <Project Path="src/MunicipalAnimalEmergencyResponse.Console/MunicipalAnimalEmergencyResponse.Console.csproj" />
    <Project Path="src/MunicipalAnimalEmergencyResponse.Core/MunicipalAnimalEmergencyResponse.Core.csproj" />
  </Folder>
  <Folder Name="/tests/">
    <Project Path="tests/MunicipalAnimalEmergencyResponse.Tests/MunicipalAnimalEmergencyResponse.Tests.csproj" />
  </Folder>
</Solution>
